
Microsoft Visual Studio Solution File, Format Version 12.00
# Visual Studio Version 16
VisualStudioVersion = 16.0.34114.132
MinimumVisualStudioVersion = 10.0.40219.1
Project("{FAE04EC0-301F-11D3-BF4B-00C04F79EFBC}") = "NEW_ERP", "NEW_ERP\NEW_ERP.csproj", "{17BBA439-B20C-4B6C-8D04-7F48B1034B31}"
EndProject
Global
	GlobalSection(SolutionConfigurationPlatforms) = preSolution
		Debug|Any CPU = Debug|Any CPU
		Release|Any CPU = Release|Any CPU
	EndGlobalSection
	GlobalSection(ProjectConfigurationPlatforms) = postSolution
		{17BBA439-B20C-4B6C-8D04-7F48B1034B31}.Debug|Any CPU.ActiveCfg = Debug|Any CPU
		{17BBA439-B20C-4B6C-8D04-7F48B1034B31}.Debug|Any CPU.Build.0 = Debug|Any CPU
		{17BBA439-B20C-4B6C-8D04-7F48B1034B31}.Release|Any CPU.ActiveCfg = Release|Any CPU
		{17BBA439-B20C-4B6C-8D04-7F48B1034B31}.Release|Any CPU.Build.0 = Release|Any CPU
	EndGlobalSection
	GlobalSection(SolutionProperties) = preSolution
		HideSolutionNode = FALSE
	EndGlobalSection
	GlobalSection(ExtensibilityGlobals) = postSolution
		SolutionGuid = {FF1F9F46-C4D6-4563-9D32-82905E8A2191}
	EndGlobalSection
EndGlobal
